
Microsoft Visual Studio Solution File, Format Version 12.00
# Visual Studio Version 17
VisualStudioVersion = 17.14.36429.23
MinimumVisualStudioVersion = 10.0.40219.1
Project("{FAE04EC0-301F-11D3-BF4B-00C04F79EFBC}") = "TMY_AdminSystem", "TMY_AdminSystem\TMY_AdminSystem.csproj", "{5537F0EF-E866-43BC-A2CD-13D9D4AAF71B}"
EndProject
Global
	GlobalSection(SolutionConfigurationPlatforms) = preSolution
		Debug|Any CPU = Debug|Any CPU
		Release|Any CPU = Release|Any CPU
	EndGlobalSection
	GlobalSection(ProjectConfigurationPlatforms) = postSolution
		{5537F0EF-E866-43BC-A2CD-13D9D4AAF71B}.Debug|Any CPU.ActiveCfg = Debug|Any CPU
		{5537F0EF-E866-43BC-A2CD-13D9D4AAF71B}.Debug|Any CPU.Build.0 = Debug|Any CPU
		{5537F0EF-E866-43BC-A2CD-13D9D4AAF71B}.Release|Any CPU.ActiveCfg = Release|Any CPU
		{5537F0EF-E866-43BC-A2CD-13D9D4AAF71B}.Release|Any CPU.Build.0 = Release|Any CPU
	EndGlobalSection
	GlobalSection(SolutionProperties) = preSolution
		HideSolutionNode = FALSE
	EndGlobalSection
	GlobalSection(ExtensibilityGlobals) = postSolution
		SolutionGuid = {5F4A6AFA-5A10-433E-AD94-14207FC86515}
	EndGlobalSection
EndGlobal
